
Microsoft Visual Studio Solution File, Format Version 12.00
# Visual Studio Version 16
VisualStudioVersion = 16.0.30114.105
MinimumVisualStudioVersion = 10.0.40219.1
Project("{FAE04EC0-301F-11D3-BF4B-00C04F79EFBC}") = "WpfApp1", "WpfApp1\WpfApp1.csproj", "{DFC4BD01-E566-4E85-AD66-1D8A3600B8FE}"
EndProject
Global
	GlobalSection(SolutionConfigurationPlatforms) = preSolution
		Debug|Any CPU = Debug|Any CPU
		Release|Any CPU = Release|Any CPU
	EndGlobalSection
	GlobalSection(ProjectConfigurationPlatforms) = postSolution
		{DFC4BD01-E566-4E85-AD66-1D8A3600B8FE}.Debug|Any CPU.ActiveCfg = Debug|Any CPU
		{DFC4BD01-E566-4E85-AD66-1D8A3600B8FE}.Debug|Any CPU.Build.0 = Debug|Any CPU
		{DFC4BD01-E566-4E85-AD66-1D8A3600B8FE}.Release|Any CPU.ActiveCfg = Release|Any CPU
		{DFC4BD01-E566-4E85-AD66-1D8A3600B8FE}.Release|Any CPU.Build.0 = Release|Any CPU
	EndGlobalSection
	GlobalSection(SolutionProperties) = preSolution
		HideSolutionNode = FALSE
	EndGlobalSection
	GlobalSection(ExtensibilityGlobals) = postSolution
		SolutionGuid = {79493D38-581A-4797-BE49-8EEE51D6433D}
	EndGlobalSection
EndGlobal
